
Microsoft Visual Studio Solution File, Format Version 12.00
# Visual Studio 15
VisualStudioVersion = 15.0.28307.489
MinimumVisualStudioVersion = 10.0.40219.1
Project("{FAE04EC0-301F-11D3-BF4B-00C04F79EFBC}") = "TheFreedomMarketing", "TheFreedomMarketing\TheFreedomMarketing.csproj", "{4E1B4A6B-61DA-42F0-B2BD-8E15541B4B4E}"
EndProject
Global
	GlobalSection(SolutionConfigurationPlatforms) = preSolution
		Debug|Any CPU = Debug|Any CPU
		Release|Any CPU = Release|Any CPU
	EndGlobalSection
	GlobalSection(ProjectConfigurationPlatforms) = postSolution
		{4E1B4A6B-61DA-42F0-B2BD-8E15541B4B4E}.Debug|Any CPU.ActiveCfg = Debug|Any CPU
		{4E1B4A6B-61DA-42F0-B2BD-8E15541B4B4E}.Debug|Any CPU.Build.0 = Debug|Any CPU
		{4E1B4A6B-61DA-42F0-B2BD-8E15541B4B4E}.Release|Any CPU.ActiveCfg = Release|Any CPU
		{4E1B4A6B-61DA-42F0-B2BD-8E15541B4B4E}.Release|Any CPU.Build.0 = Release|Any CPU
	EndGlobalSection
	GlobalSection(SolutionProperties) = preSolution
		HideSolutionNode = FALSE
	EndGlobalSection
	GlobalSection(ExtensibilityGlobals) = postSolution
		SolutionGuid = {25C3A447-3271-456B-9884-00F4CA2FCDE1}
	EndGlobalSection
EndGlobal
